
Microsoft Visual Studio Solution File, Format Version 12.00
# Visual Studio 15
VisualStudioVersion = 15.0.28307.779
MinimumVisualStudioVersion = 10.0.40219.1
Project("{FAE04EC0-301F-11D3-BF4B-00C04F79EFBC}") = "BugGetCatalogPane", "BugGetCatalogPane\BugGetCatalogPane.csproj", "{295BACE5-832D-43CF-8FEB-5E9444EB444D}"
EndProject
Global
	GlobalSection(SolutionConfigurationPlatforms) = preSolution
		Debug|Any CPU = Debug|Any CPU
		Release|Any CPU = Release|Any CPU
	EndGlobalSection
	GlobalSection(ProjectConfigurationPlatforms) = postSolution
		{295BACE5-832D-43CF-8FEB-5E9444EB444D}.Debug|Any CPU.ActiveCfg = Debug|Any CPU
		{295BACE5-832D-43CF-8FEB-5E9444EB444D}.Debug|Any CPU.Build.0 = Debug|Any CPU
		{295BACE5-832D-43CF-8FEB-5E9444EB444D}.Release|Any CPU.ActiveCfg = Release|Any CPU
		{295BACE5-832D-43CF-8FEB-5E9444EB444D}.Release|Any CPU.Build.0 = Release|Any CPU
	EndGlobalSection
	GlobalSection(SolutionProperties) = preSolution
		HideSolutionNode = FALSE
	EndGlobalSection
	GlobalSection(ExtensibilityGlobals) = postSolution
		SolutionGuid = {2A4983D1-352D-49C5-85F6-2200FFAEDF9E}
	EndGlobalSection
EndGlobal
